FORGE
  remote: https://forgeapi.puppetlabs.com
  specs:
    AlexCline-dirtree (0.2.1)
    darin-zypprepo (1.0.2)
    example42-puppi (2.2.1)
    example42-yum (2.1.27)
      example42-puppi (>= 2.0.0)
    maestrodev-wget (1.7.3)
    mayflower-php (4.0.0-beta1)
      darin-zypprepo (~> 1.0)
      example42-yum (~> 2.0)
      puppetlabs-apt (< 3.0.0, >= 1.8.0)
      puppetlabs-inifile (~> 1.0)
      puppetlabs-stdlib (< 5.0.0, >= 4.2.0)
    puppet-staging (2.0.1)
    puppetlabs-apache (1.10.0)
      puppetlabs-concat (< 3.0.0, >= 1.1.1)
      puppetlabs-stdlib (< 5.0.0, >= 2.4.0)
    puppetlabs-apt (2.2.2)
      puppetlabs-stdlib (< 5.0.0, >= 4.5.0)
    puppetlabs-concat (2.2.0)
      puppetlabs-stdlib (< 5.0.0, >= 4.2.0)
    puppetlabs-inifile (1.6.0)
    puppetlabs-mysql (3.9.0)
      puppet-staging (< 3.0.0, >= 1.0.1)
      puppetlabs-stdlib (< 5.0.0, >= 3.2.0)
    puppetlabs-ntp (4.2.0)
      puppetlabs-stdlib (< 5.0.0, >= 4.6.0)
    puppetlabs-stdlib (4.12.0)
    stahnma-epel (1.2.2)
      puppetlabs-stdlib (>= 3.0.0)

PATH
  remote: ../moodle
  specs:
    moodle (0.0.1)

DEPENDENCIES
  AlexCline-dirtree (>= 0)
  maestrodev-wget (>= 0)
  mayflower-php (>= 0)
  moodle (>= 0)
  puppetlabs-apache (>= 0)
  puppetlabs-apt (>= 0)
  puppetlabs-mysql (>= 0)
  puppetlabs-ntp (>= 0)
  stahnma-epel (>= 0)

